// !$*UTF8*$!
{
	archiveVersion = 1;
	classes = {
	};
	objectVersion = 46;
	objects = {

/* Begin PBXBuildFile section */
		82AB44011EBE18890021D0A3 /* HanggeSDK.framework in Frameworks */ = {isa = PBXBuildFile; fileRef = 82AB43F71EBE18890021D0A3 /* HanggeSDK.framework */; };
		82AB44061EBE18890021D0A3 /* HanggeSDKTests.swift in Sources */ = {isa = PBXBuildFile; fileRef = 82AB44051EBE18890021D0A3 /* HanggeSDKTests.swift */; };
		82AB44081EBE18890021D0A3 /* HanggeSDK.h in Headers */ = {isa = PBXBuildFile; fileRef = 82AB43FA1EBE18890021D0A3 /* HanggeSDK.h */; settings = {ATTRIBUTES = (Public, ); }; };
		82AB44121EBE18DF0021D0A3 /* ImageProcessor.swift in Sources */ = {isa = PBXBuildFile; fileRef = 82AB44111EBE18DF0021D0A3 /* ImageProcessor.swift */; };
/* End PBXBuildFile section */

/* Begin PBXContainerItemProxy section */
		82AB44021EBE18890021D0A3 /* PBXContainerItemProxy */ = {
			isa = PBXContainerItemProxy;
			containerPortal = 82AB43EE1EBE18890021D0A3 /* Project object */;
			proxyType = 1;
			remoteGlobalIDString = 82AB43F61EBE18890021D0A3;
			remoteInfo = HanggeSDK;
		};
/* End PBXContainerItemProxy section */

/* Begin PBXFileReference section */
		82AB43F71EBE18890021D0A3 /* HanggeSDK.framework */ = {isa = PBXFileReference; explicitFileType = wrapper.framework; includeInIndex = 0; path = HanggeSDK.framework; sourceTree = BUILT_PRODUCTS_DIR; };
		82AB43FA1EBE18890021D0A3 /* HanggeSDK.h */ = {isa = PBXFileReference; lastKnownFileType = sourcecode.c.h; path = HanggeSDK.h; sourceTree = "<group>"; };
		82AB43FB1EBE18890021D0A3 /* Info.plist */ = {isa = PBXFileReference; lastKnownFileType = text.plist.xml; path = Info.plist; sourceTree = "<group>"; };
		82AB44001EBE18890021D0A3 /* HanggeSDKTests.xctest */ = {isa = PBXFileReference; explicitFileType = wrapper.cfbundle; includeInIndex = 0; path = HanggeSDKTests.xctest; sourceTree = BUILT_PRODUCTS_DIR; };
		82AB44051EBE18890021D0A3 /* HanggeSDKTests.swift */ = {isa = PBXFileReference; lastKnownFileType = sourcecode.swift; path = HanggeSDKTests.swift; sourceTree = "<group>"; };
		82AB44071EBE18890021D0A3 /* Info.plist */ = {isa = PBXFileReference; lastKnownFileType = text.plist.xml; path = Info.plist; sourceTree = "<group>"; };
		82AB44111EBE18DF0021D0A3 /* ImageProcessor.swift */ = {isa = PBXFileReference; fileEncoding = 4; lastKnownFileType = sourcecode.swift; path = ImageProcessor.swift; sourceTree = "<group>"; };
/* End PBXFileReference section */

/* Begin PBXFrameworksBuildPhase section */
		82AB43F31EBE18890021D0A3 /* Frameworks */ = {
			isa = PBXFrameworksBuildPhase;
			buildActionMask = 2147483647;
			files = (
			);
			runOnlyForDeploymentPostprocessing = 0;
		};
		82AB43FD1EBE18890021D0A3 /* Frameworks */ = {
			isa = PBXFrameworksBuildPhase;
			buildActionMask = 2147483647;
			files = (
				82AB44011EBE18890021D0A3 /* HanggeSDK.framework in Frameworks */,
			);
			runOnlyForDeploymentPostprocessing = 0;
		};
/* End PBXFrameworksBuildPhase section */

/* Begin PBXGroup section */
		82AB43ED1EBE18890021D0A3 = {
			isa = PBXGroup;
			children = (
				82AB43F91EBE18890021D0A3 /* HanggeSDK */,
				82AB44041EBE18890021D0A3 /* HanggeSDKTests */,
				82AB43F81EBE18890021D0A3 /* Products */,
			);
			sourceTree = "<group>";
		};
		82AB43F81EBE18890021D0A3 /* Products */ = {
			isa = PBXGroup;
			children = (
				82AB43F71EBE18890021D0A3 /* HanggeSDK.framework */,
				82AB44001EBE18890021D0A3 /* HanggeSDKTests.xctest */,
			);
			name = Products;
			sourceTree = "<group>";
		};
		82AB43F91EBE18890021D0A3 /* HanggeSDK */ = {
			isa = PBXGroup;
			children = (
				82AB43FA1EBE18890021D0A3 /* HanggeSDK.h */,
				82AB43FB1EBE18890021D0A3 /* Info.plist */,
				82AB44111EBE18DF0021D0A3 /* ImageProcessor.swift */,
			);
			path = HanggeSDK;
			sourceTree = "<group>";
		};
		82AB44041EBE18890021D0A3 /* HanggeSDKTests */ = {
			isa = PBXGroup;
			children = (
				82AB44051EBE18890021D0A3 /* HanggeSDKTests.swift */,
				82AB44071EBE18890021D0A3 /* Info.plist */,
			);
			path = HanggeSDKTests;
			sourceTree = "<group>";
		};
/* End PBXGroup section */

/* Begin PBXHeadersBuildPhase section */
		82AB43F41EBE18890021D0A3 /* Headers */ = {
			isa = PBXHeadersBuildPhase;
			buildActionMask = 2147483647;
			files = (
				82AB44081EBE18890021D0A3 /* HanggeSDK.h in Headers */,
			);
			runOnlyForDeploymentPostprocessing = 0;
		};
/* End PBXHeadersBuildPhase section */

/* Begin PBXNativeTarget section */
		82AB43F61EBE18890021D0A3 /* HanggeSDK */ = {
			isa = PBXNativeTarget;
			buildConfigurationList = 82AB440B1EBE18890021D0A3 /* Build configuration list for PBXNativeTarget "HanggeSDK" */;
			buildPhases = (
				82AB43F21EBE18890021D0A3 /* Sources */,
				82AB43F31EBE18890021D0A3 /* Frameworks */,
				82AB43F41EBE18890021D0A3 /* Headers */,
				82AB43F51EBE18890021D0A3 /* Resources */,
			);
			buildRules = (
			);
			dependencies = (
			);
			name = HanggeSDK;
			productName = HanggeSDK;
			productReference = 82AB43F71EBE18890021D0A3 /* HanggeSDK.framework */;
			productType = "com.apple.product-type.framework";
		};
		82AB43FF1EBE18890021D0A3 /* HanggeSDKTests */ = {
			isa = PBXNativeTarget;
			buildConfigurationList = 82AB440E1EBE18890021D0A3 /* Build configuration list for PBXNativeTarget "HanggeSDKTests" */;
			buildPhases = (
				82AB43FC1EBE18890021D0A3 /* Sources */,
				82AB43FD1EBE18890021D0A3 /* Frameworks */,
				82AB43FE1EBE18890021D0A3 /* Resources */,
			);
			buildRules = (
			);
			dependencies = (
				82AB44031EBE18890021D0A3 /* PBXTargetDependency */,
			);
			name = HanggeSDKTests;
			productName = HanggeSDKTests;
			productReference = 82AB44001EBE18890021D0A3 /* HanggeSDKTests.xctest */;
			productType = "com.apple.product-type.bundle.unit-test";
		};
/* End PBXNativeTarget section */

/* Begin PBXProject section */
		82AB43EE1EBE18890021D0A3 /* Project object */ = {
			isa = PBXProject;
			attributes = {
				LastSwiftUpdateCheck = 0830;
				LastUpgradeCheck = 0830;
				ORGANIZATIONNAME = "辛忠翰";
				TargetAttributes = {
					82AB43F61EBE18890021D0A3 = {
						CreatedOnToolsVersion = 8.3.2;
						LastSwiftMigration = 0830;
						ProvisioningStyle = Automatic;
					};
					82AB43FF1EBE18890021D0A3 = {
						CreatedOnToolsVersion = 8.3.2;
						ProvisioningStyle = Automatic;
					};
				};
			};
			buildConfigurationList = 82AB43F11EBE18890021D0A3 /* Build configuration list for PBXProject "HanggeSDK" */;
			compatibilityVersion = "Xcode 3.2";
			developmentRegion = English;
			hasScannedForEncodings = 0;
			knownRegions = (
				en,
			);
			mainGroup = 82AB43ED1EBE18890021D0A3;
			productRefGroup = 82AB43F81EBE18890021D0A3 /* Products */;
			projectDirPath = "";
			projectRoot = "";
			targets = (
				82AB43F61EBE18890021D0A3 /* HanggeSDK */,
				82AB43FF1EBE18890021D0A3 /* HanggeSDKTests */,
			);
		};
/* End PBXProject section */

/* Begin PBXResourcesBuildPhase section */
		82AB43F51EBE18890021D0A3 /* Resources */ = {
			isa = PBXResourcesBuildPhase;
			buildActionMask = 2147483647;
			files = (
			);
			runOnlyForDeploymentPostprocessing = 0;
		};
		82AB43FE1EBE18890021D0A3 /* Resources */ = {
			isa = PBXResourcesBuildPhase;
			buildActionMask = 2147483647;
			files = (
			);
			runOnlyForDeploymentPostprocessing = 0;
		};
/* End PBXResourcesBuildPhase section */

/* Begin PBXSourcesBuildPhase section */
		82AB43F21EBE18890021D0A3 /* Sources */ = {
			isa = PBXSourcesBuildPhase;
			buildActionMask = 2147483647;
			files = (
				82AB44121EBE18DF0021D0A3 /* ImageProcessor.swift in Sources */,
			);
			runOnlyForDeploymentPostprocessing = 0;
		};
		82AB43FC1EBE18890021D0A3 /* Sources */ = {
			isa = PBXSourcesBuildPhase;
			buildActionMask = 2147483647;
			files = (
				82AB44061EBE18890021D0A3 /* HanggeSDKTests.swift in Sources */,
			);
			runOnlyForDeploymentPostprocessing = 0;
		};
/* End PBXSourcesBuildPhase section */

/* Begin PBXTargetDependency section */
		82AB44031EBE18890021D0A3 /* PBXTargetDependency */ = {
			isa = PBXTargetDependency;
			target = 82AB43F61EBE18890021D0A3 /* HanggeSDK */;
			targetProxy = 82AB44021EBE18890021D0A3 /* PBXContainerItemProxy */;
		};
/* End PBXTargetDependency section */

/* Begin XCBuildConfiguration section */
		82AB44091EBE18890021D0A3 /* Debug */ = {
			isa = XCBuildConfiguration;
			buildSettings = {
				ALWAYS_SEARCH_USER_PATHS = NO;
				CLANG_ANALYZER_NONNULL = YES;
				CLANG_ANALYZER_NUMBER_OBJECT_CONVERSION = YES_AGGRESSIVE;
				CLANG_CXX_LANGUAGE_STANDARD = "gnu++0x";
				CLANG_CXX_LIBRARY = "libc++";
				CLANG_ENABLE_MODULES = YES;
				CLANG_ENABLE_OBJC_ARC = YES;
				CLANG_WARN_BOOL_CONVERSION = YES;
				CLANG_WARN_CONSTANT_CONVERSION = YES;
				CLANG_WARN_DIRECT_OBJC_ISA_USAGE = YES_ERROR;
				CLANG_WARN_DOCUMENTATION_COMMENTS = YES;
				CLANG_WARN_EMPTY_BODY = YES;
				CLANG_WARN_ENUM_CONVERSION = YES;
				CLANG_WARN_INFINITE_RECURSION = YES;
				CLANG_WARN_INT_CONVERSION = YES;
				CLANG_WARN_OBJC_ROOT_CLASS = YES_ERROR;
				CLANG_WARN_SUSPICIOUS_MOVE = YES;
				CLANG_WARN_UNREACHABLE_CODE = YES;
				CLANG_WARN__DUPLICATE_METHOD_MATCH = YES;
				"CODE_SIGN_IDENTITY[sdk=iphoneos*]" = "iPhone Developer";
				COPY_PHASE_STRIP = NO;
				CURRENT_PROJECT_VERSION = 1;
				DEBUG_INFORMATION_FORMAT = dwarf;
				ENABLE_STRICT_OBJC_MSGSEND = YES;
				ENABLE_TESTABILITY = YES;
				GCC_C_LANGUAGE_STANDARD = gnu99;
				GCC_DYNAMIC_NO_PIC = NO;
				GCC_NO_COMMON_BLOCKS = YES;
				GCC_OPTIMIZATION_LEVEL = 0;
				GCC_PREPROCESSOR_DEFINITIONS = (
					"DEBUG=1",
					"$(inherited)",
				);
				GCC_WARN_64_TO_32_BIT_CONVERSION = YES;
				GCC_WARN_ABOUT_RETURN_TYPE = YES_ERROR;
				GCC_WARN_UNDECLARED_SELECTOR = YES;
				GCC_WARN_UNINITIALIZED_AUTOS = YES_AGGRESSIVE;
				GCC_WARN_UNUSED_FUNCTION = YES;
				GCC_WARN_UNUSED_VARIABLE = YES;
				IPHONEOS_DEPLOYMENT_TARGET = 10.3;
				MTL_ENABLE_DEBUG_INFO = YES;
				ONLY_ACTIVE_ARCH = YES;
				SDKROOT = iphoneos;
				SWIFT_ACTIVE_COMPILATION_CONDITIONS = DEBUG;
				SWIFT_OPTIMIZATION_LEVEL = "-Onone";
				TARGETED_DEVICE_FAMILY = "1,2";
				VERSIONING_SYSTEM = "apple-generic";
				VERSION_INFO_PREFIX = "";
			};
			name = Debug;
		};
		82AB440A1EBE18890021D0A3 /* Release */ = {
			isa = XCBuildConfiguration;
			buildSettings = {
				ALWAYS_SEARCH_USER_PATHS = NO;
				CLANG_ANALYZER_NONNULL = YES;
				CLANG_ANALYZER_NUMBER_OBJECT_CONVERSION = YES_AGGRESSIVE;
				CLANG_CXX_LANGUAGE_STANDARD = "gnu++0x";
				CLANG_CXX_LIBRARY = "libc++";
				CLANG_ENABLE_MODULES = YES;
				CLANG_ENABLE_OBJC_ARC = YES;
				CLANG_WARN_BOOL_CONVERSION = YES;
				CLANG_WARN_CONSTANT_CONVERSION = YES;
				CLANG_WARN_DIRECT_OBJC_ISA_USAGE = YES_ERROR;
				CLANG_WARN_DOCUMENTATION_COMMENTS = YES;
				CLANG_WARN_EMPTY_BODY = YES;
				CLANG_WARN_ENUM_CONVERSION = YES;
				CLANG_WARN_INFINITE_RECURSION = YES;
				CLANG_WARN_INT_CONVERSION = YES;
				CLANG_WARN_OBJC_ROOT_CLASS = YES_ERROR;
				CLANG_WARN_SUSPICIOUS_MOVE = YES;
				CLANG_WARN_UNREACHABLE_CODE = YES;
				CLANG_WARN__DUPLICATE_METHOD_MATCH = YES;
				"CODE_SIGN_IDENTITY[sdk=iphoneos*]" = "iPhone Developer";
				COPY_PHASE_STRIP = NO;
				CURRENT_PROJECT_VERSION = 1;
				DEBUG_INFORMATION_FORMAT = "dwarf-with-dsym";
				ENABLE_NS_ASSERTIONS = NO;
				ENABLE_STRICT_OBJC_MSGSEND = YES;
				GCC_C_LANGUAGE_STANDARD = gnu99;
				GCC_NO_COMMON_BLOCKS = YES;
				GCC_WARN_64_TO_32_BIT_CONVERSION = YES;
				GCC_WARN_ABOUT_RETURN_TYPE = YES_ERROR;
				GCC_WARN_UNDECLARED_SELECTOR = YES;
				GCC_WARN_UNINITIALIZED_AUTOS = YES_AGGRESSIVE;
				GCC_WARN_UNUSED_FUNCTION = YES;
				GCC_WARN_UNUSED_VARIABLE = YES;
				IPHONEOS_DEPLOYMENT_TARGET = 10.3;
				MTL_ENABLE_DEBUG_INFO = NO;
				SDKROOT = iphoneos;
				SWIFT_OPTIMIZATION_LEVEL = "-Owholemodule";
				TARGETED_DEVICE_FAMILY = "1,2";
				VALIDATE_PRODUCT = YES;
				VERSIONING_SYSTEM = "apple-generic";
				VERSION_INFO_PREFIX = "";
			};
			name = Release;
		};
		82AB440C1EBE18890021D0A3 /* Debug */ = {
			isa = XCBuildConfiguration;
			buildSettings = {
				CLANG_ENABLE_MODULES = YES;
				CODE_SIGN_IDENTITY = "";
				DEFINES_MODULE = YES;
				DYLIB_COMPATIBILITY_VERSION = 1;
				DYLIB_CURRENT_VERSION = 1;
				DYLIB_INSTALL_NAME_BASE = "@rpath";
				INFOPLIST_FILE = HanggeSDK/Info.plist;
				INSTALL_PATH = "$(LOCAL_LIBRARY_DIR)/Frameworks";
				IPHONEOS_DEPLOYMENT_TARGET = 10.3;
				LD_RUNPATH_SEARCH_PATHS = "$(inherited) @executable_path/Frameworks @loader_path/Frameworks";
				PRODUCT_BUNDLE_IDENTIFIER = cool.app.com.HanggeSDK;
				PRODUCT_NAME = "$(TARGET_NAME)";
				SKIP_INSTALL = YES;
				SWIFT_OPTIMIZATION_LEVEL = "-Onone";
				SWIFT_VERSION = 3.0;
			};
			name = Debug;
		};
		82AB440D1EBE18890021D0A3 /* Release */ = {
			isa = XCBuildConfiguration;
			buildSettings = {
				CLANG_ENABLE_MODULES = YES;
				CODE_SIGN_IDENTITY = "";
				DEFINES_MODULE = YES;
				DYLIB_COMPATIBILITY_VERSION = 1;
				DYLIB_CURRENT_VERSION = 1;
				DYLIB_INSTALL_NAME_BASE = "@rpath";
				INFOPLIST_FILE = HanggeSDK/Info.plist;
				INSTALL_PATH = "$(LOCAL_LIBRARY_DIR)/Frameworks";
				IPHONEOS_DEPLOYMENT_TARGET = 10.3;
				LD_RUNPATH_SEARCH_PATHS = "$(inherited) @executable_path/Frameworks @loader_path/Frameworks";
				PRODUCT_BUNDLE_IDENTIFIER = cool.app.com.HanggeSDK;
				PRODUCT_NAME = "$(TARGET_NAME)";
				SKIP_INSTALL = YES;
				SWIFT_VERSION = 3.0;
			};
			name = Release;
		};
		82AB440F1EBE18890021D0A3 /* Debug */ = {
			isa = XCBuildConfiguration;
			buildSettings = {
				ALWAYS_EMBED_SWIFT_STANDARD_LIBRARIES = YES;
				INFOPLIST_FILE = HanggeSDKTests/Info.plist;
				LD_RUNPATH_SEARCH_PATHS = "$(inherited) @executable_path/Frameworks @loader_path/Frameworks";
				PRODUCT_BUNDLE_IDENTIFIER = cool.app.com.HanggeSDKTests;
				PRODUCT_NAME = "$(TARGET_NAME)";
				SWIFT_VERSION = 3.0;
			};
			name = Debug;
		};
		82AB44101EBE18890021D0A3 /* Release */ = {
			isa = XCBuildConfiguration;
			buildSettings = {
				ALWAYS_EMBED_SWIFT_STANDARD_LIBRARIES = YES;
				INFOPLIST_FILE = HanggeSDKTests/Info.plist;
				LD_RUNPATH_SEARCH_PATHS = "$(inherited) @executable_path/Frameworks @loader_path/Frameworks";
				PRODUCT_BUNDLE_IDENTIFIER = cool.app.com.HanggeSDKTests;
				PRODUCT_NAME = "$(TARGET_NAME)";
				SWIFT_VERSION = 3.0;
			};
			name = Release;
		};
/* End XCBuildConfiguration section */

/* Begin XCConfigurationList section */
		82AB43F11EBE18890021D0A3 /* Build configuration list for PBXProject "HanggeSDK" */ = {
			isa = XCConfigurationList;
			buildConfigurations = (
				82AB44091EBE18890021D0A3 /* Debug */,
				82AB440A1EBE18890021D0A3 /* Release */,
			);
			defaultConfigurationIsVisible = 0;
			defaultConfigurationName = Release;
		};
		82AB440B1EBE18890021D0A3 /* Build configuration list for PBXNativeTarget "HanggeSDK" */ = {
			isa = XCConfigurationList;
			buildConfigurations = (
				82AB440C1EBE18890021D0A3 /* Debug */,
				82AB440D1EBE18890021D0A3 /* Release */,
			);
			defaultConfigurationIsVisible = 0;
		};
		82AB440E1EBE18890021D0A3 /* Build configuration list for PBXNativeTarget "HanggeSDKTests" */ = {
			isa = XCConfigurationList;
			buildConfigurations = (
				82AB440F1EBE18890021D0A3 /* Debug */,
				82AB44101EBE18890021D0A3 /* Release */,
			);
			defaultConfigurationIsVisible = 0;
		};
/* End XCConfigurationList section */
	};
	rootObject = 82AB43EE1EBE18890021D0A3 /* Project object */;
}
